// !$*UTF8*$!
{
	archiveVersion = 1;
	classes = {
	};
	objectVersion = 56;
	objects = {

/* Begin PBXBuildFile section */
		DE4BFC9B2F3C944000AC1111 /* NewProjectApp.swift in Sources */ = {isa = PBXBuildFile; fileRef = DE4BFC9A2F3C944000AC1111 /* NewProjectApp.swift */; };
		DE4BFC9D2F3C944000AC1111 /* ContentView.swift in Sources */ = {isa = PBXBuildFile; fileRef = DE4BFC9C2F3C944000AC1111 /* ContentView.swift */; };
		DE4BFC9F2F3C944200AC1111 /* Assets.xcassets in Resources */ = {isa = PBXBuildFile; fileRef = DE4BFC9E2F3C944200AC1111 /* Assets.xcassets */; };
		DE4BFCA22F3C944200AC1111 /* Preview Assets.xcassets in Resources */ = {isa = PBXBuildFile; fileRef = DE4BFCA12F3C944200AC1111 /* Preview Assets.xcassets */; };
		DE4BFCA42F3C944200AC1111 /* Persistence.swift in Sources */ = {isa = PBXBuildFile; fileRef = DE4BFCA32F3C944200AC1111 /* Persistence.swift */; };
		DE4BFCA72F3C944200AC1111 /* NewProject.xcdatamodeld in Sources */ = {isa = PBXBuildFile; fileRef = DE4BFCA52F3C944200AC1111 /* NewProject.xcdatamodeld */; };
		DE4BFCB02F3C94DE00AC1111 /* ModelClass.swift in Sources */ = {isa = PBXBuildFile; fileRef = DE4BFCAF2F3C94DE00AC1111 /* ModelClass.swift */; };
		DE4BFCB52F3C95ED00AC1111 /* ViewModel.swift in Sources */ = {isa = PBXBuildFile; fileRef = DE4BFCB42F3C95ED00AC1111 /* ViewModel.swift */; };
		DE4BFCB72F3C97D300AC1111 /* ListScreen.swift in Sources */ = {isa = PBXBuildFile; fileRef = DE4BFCB62F3C97D300AC1111 /* ListScreen.swift */; };
		DE4BFCB92F3CA77200AC1111 /* ServiceCall.swift in Sources */ = {isa = PBXBuildFile; fileRef = DE4BFCB82F3CA77200AC1111 /* ServiceCall.swift */; };
		DE4BFCBC2F3CC79D00AC1111 /* Books.swift in Sources */ = {isa = PBXBuildFile; fileRef = DE4BFCBB2F3CC79D00AC1111 /* Books.swift */; };
		DE4BFCBE2F3CC7AB00AC1111 /* BookView.swift in Sources */ = {isa = PBXBuildFile; fileRef = DE4BFCBD2F3CC7AB00AC1111 /* BookView.swift */; };
		DE4BFCC02F3CC7B700AC1111 /* BookApi.swift in Sources */ = {isa = PBXBuildFile; fileRef = DE4BFCBF2F3CC7B700AC1111 /* BookApi.swift */; };
		DE4BFCC22F3CC7C200AC1111 /* BookViewModel.swift in Sources */ = {isa = PBXBuildFile; fileRef = DE4BFCC12F3CC7C200AC1111 /* BookViewModel.swift */; };
		DE4BFCC52F3D9CCE00AC1111 /* photosModel.swift in Sources */ = {isa = PBXBuildFile; fileRef = DE4BFCC42F3D9CCE00AC1111 /* photosModel.swift */; };
		DE4BFCC72F3D9CDB00AC1111 /* PhotoService.swift in Sources */ = {isa = PBXBuildFile; fileRef = DE4BFCC62F3D9CDB00AC1111 /* PhotoService.swift */; };
		DE4BFCC92F3D9CE700AC1111 /* PhotoViewModel.swift in Sources */ = {isa = PBXBuildFile; fileRef = DE4BFCC82F3D9CE700AC1111 /* PhotoViewModel.swift */; };
		DE4BFCCB2F3D9CF600AC1111 /* PhotoViewScreen.swift in Sources */ = {isa = PBXBuildFile; fileRef = DE4BFCCA2F3D9CF600AC1111 /* PhotoViewScreen.swift */; };
		DE4BFCCE2F3DAFCE00AC1111 /* Kingfisher in Frameworks */ = {isa = PBXBuildFile; productRef = DE4BFCCD2F3DAFCE00AC1111 /* Kingfisher */; };
		DE4BFCD02F3DBC4000AC1111 /* SwiftUIView.swift in Sources */ = {isa = PBXBuildFile; fileRef = DE4BFCCF2F3DBC4000AC1111 /* SwiftUIView.swift */; };
/* End PBXBuildFile section */

/* Begin PBXFileReference section */
		DE4BFC972F3C944000AC1111 /* NewProject.app */ = {isa = PBXFileReference; explicitFileType = wrapper.application; includeInIndex = 0; path = NewProject.app; sourceTree = BUILT_PRODUCTS_DIR; };
		DE4BFC9A2F3C944000AC1111 /* NewProjectApp.swift */ = {isa = PBXFileReference; lastKnownFileType = sourcecode.swift; path = NewProjectApp.swift; sourceTree = "<group>"; };
		DE4BFC9C2F3C944000AC1111 /* ContentView.swift */ = {isa = PBXFileReference; lastKnownFileType = sourcecode.swift; path = ContentView.swift; sourceTree = "<group>"; };
		DE4BFC9E2F3C944200AC1111 /* Assets.xcassets */ = {isa = PBXFileReference; lastKnownFileType = folder.assetcatalog; path = Assets.xcassets; sourceTree = "<group>"; };
		DE4BFCA12F3C944200AC1111 /* Preview Assets.xcassets */ = {isa = PBXFileReference; lastKnownFileType = folder.assetcatalog; path = "Preview Assets.xcassets"; sourceTree = "<group>"; };
		DE4BFCA32F3C944200AC1111 /* Persistence.swift */ = {isa = PBXFileReference; lastKnownFileType = sourcecode.swift; path = Persistence.swift; sourceTree = "<group>"; };
		DE4BFCA62F3C944200AC1111 /* NewProject.xcdatamodel */ = {isa = PBXFileReference; lastKnownFileType = wrapper.xcdatamodel; path = NewProject.xcdatamodel; sourceTree = "<group>"; };
		DE4BFCAF2F3C94DE00AC1111 /* ModelClass.swift */ = {isa = PBXFileReference; lastKnownFileType = sourcecode.swift; path = ModelClass.swift; sourceTree = "<group>"; };
		DE4BFCB42F3C95ED00AC1111 /* ViewModel.swift */ = {isa = PBXFileReference; lastKnownFileType = sourcecode.swift; path = ViewModel.swift; sourceTree = "<group>"; };
		DE4BFCB62F3C97D300AC1111 /* ListScreen.swift */ = {isa = PBXFileReference; lastKnownFileType = sourcecode.swift; path = ListScreen.swift; sourceTree = "<group>"; };
		DE4BFCB82F3CA77200AC1111 /* ServiceCall.swift */ = {isa = PBXFileReference; lastKnownFileType = sourcecode.swift; path = ServiceCall.swift; sourceTree = "<group>"; };
		DE4BFCBB2F3CC79D00AC1111 /* Books.swift */ = {isa = PBXFileReference; lastKnownFileType = sourcecode.swift; path = Books.swift; sourceTree = "<group>"; };
		DE4BFCBD2F3CC7AB00AC1111 /* BookView.swift */ = {isa = PBXFileReference; lastKnownFileType = sourcecode.swift; path = BookView.swift; sourceTree = "<group>"; };
		DE4BFCBF2F3CC7B700AC1111 /* BookApi.swift */ = {isa = PBXFileReference; lastKnownFileType = sourcecode.swift; path = BookApi.swift; sourceTree = "<group>"; };
		DE4BFCC12F3CC7C200AC1111 /* BookViewModel.swift */ = {isa = PBXFileReference; lastKnownFileType = sourcecode.swift; path = BookViewModel.swift; sourceTree = "<group>"; };
		DE4BFCC42F3D9CCE00AC1111 /* photosModel.swift */ = {isa = PBXFileReference; lastKnownFileType = sourcecode.swift; path = photosModel.swift; sourceTree = "<group>"; };
		DE4BFCC62F3D9CDB00AC1111 /* PhotoService.swift */ = {isa = PBXFileReference; lastKnownFileType = sourcecode.swift; path = PhotoService.swift; sourceTree = "<group>"; };
		DE4BFCC82F3D9CE700AC1111 /* PhotoViewModel.swift */ = {isa = PBXFileReference; lastKnownFileType = sourcecode.swift; path = PhotoViewModel.swift; sourceTree = "<group>"; };
		DE4BFCCA2F3D9CF600AC1111 /* PhotoViewScreen.swift */ = {isa = PBXFileReference; lastKnownFileType = sourcecode.swift; path = PhotoViewScreen.swift; sourceTree = "<group>"; };
		DE4BFCCF2F3DBC4000AC1111 /* SwiftUIView.swift */ = {isa = PBXFileReference; lastKnownFileType = sourcecode.swift; path = SwiftUIView.swift; sourceTree = "<group>"; };
/* End PBXFileReference section */

/* Begin PBXFrameworksBuildPhase section */
		DE4BFC942F3C944000AC1111 /* Frameworks */ = {
			isa = PBXFrameworksBuildPhase;
			buildActionMask = 2147483647;
			files = (
				DE4BFCCE2F3DAFCE00AC1111 /* Kingfisher in Frameworks */,
			);
			runOnlyForDeploymentPostprocessing = 0;
		};
/* End PBXFrameworksBuildPhase section */

/* Begin PBXGroup section */
		DE4BFC8E2F3C943F00AC1111 = {
			isa = PBXGroup;
			children = (
				DE4BFC992F3C944000AC1111 /* NewProject */,
				DE4BFC982F3C944000AC1111 /* Products */,
			);
			sourceTree = "<group>";
		};
		DE4BFC982F3C944000AC1111 /* Products */ = {
			isa = PBXGroup;
			children = (
				DE4BFC972F3C944000AC1111 /* NewProject.app */,
			);
			name = Products;
			sourceTree = "<group>";
		};
		DE4BFC992F3C944000AC1111 /* NewProject */ = {
			isa = PBXGroup;
			children = (
				DE4BFCC32F3D9BF400AC1111 /* Photos */,
				DE4BFCBA2F3CC78300AC1111 /* BooksList */,
				DE4BFCB32F3C95C600AC1111 /* ShowList */,
				DE4BFC9A2F3C944000AC1111 /* NewProjectApp.swift */,
				DE4BFC9C2F3C944000AC1111 /* ContentView.swift */,
				DE4BFC9E2F3C944200AC1111 /* Assets.xcassets */,
				DE4BFCA32F3C944200AC1111 /* Persistence.swift */,
				DE4BFCA52F3C944200AC1111 /* NewProject.xcdatamodeld */,
				DE4BFCA02F3C944200AC1111 /* Preview Content */,
				DE4BFCCF2F3DBC4000AC1111 /* SwiftUIView.swift */,
			);
			path = NewProject;
			sourceTree = "<group>";
		};
		DE4BFCA02F3C944200AC1111 /* Preview Content */ = {
			isa = PBXGroup;
			children = (
				DE4BFCA12F3C944200AC1111 /* Preview Assets.xcassets */,
			);
			path = "Preview Content";
			sourceTree = "<group>";
		};
		DE4BFCB32F3C95C600AC1111 /* ShowList */ = {
			isa = PBXGroup;
			children = (
				DE4BFCAF2F3C94DE00AC1111 /* ModelClass.swift */,
				DE4BFCB42F3C95ED00AC1111 /* ViewModel.swift */,
				DE4BFCB62F3C97D300AC1111 /* ListScreen.swift */,
				DE4BFCB82F3CA77200AC1111 /* ServiceCall.swift */,
			);
			path = ShowList;
			sourceTree = "<group>";
		};
		DE4BFCBA2F3CC78300AC1111 /* BooksList */ = {
			isa = PBXGroup;
			children = (
				DE4BFCBB2F3CC79D00AC1111 /* Books.swift */,
				DE4BFCBD2F3CC7AB00AC1111 /* BookView.swift */,
				DE4BFCBF2F3CC7B700AC1111 /* BookApi.swift */,
				DE4BFCC12F3CC7C200AC1111 /* BookViewModel.swift */,
			);
			path = BooksList;
			sourceTree = "<group>";
		};
		DE4BFCC32F3D9BF400AC1111 /* Photos */ = {
			isa = PBXGroup;
			children = (
				DE4BFCC42F3D9CCE00AC1111 /* photosModel.swift */,
				DE4BFCC62F3D9CDB00AC1111 /* PhotoService.swift */,
				DE4BFCC82F3D9CE700AC1111 /* PhotoViewModel.swift */,
				DE4BFCCA2F3D9CF600AC1111 /* PhotoViewScreen.swift */,
			);
			path = Photos;
			sourceTree = "<group>";
		};
/* End PBXGroup section */

/* Begin PBXNativeTarget section */
		DE4BFC962F3C944000AC1111 /* NewProject */ = {
			isa = PBXNativeTarget;
			buildConfigurationList = DE4BFCAA2F3C944200AC1111 /* Build configuration list for PBXNativeTarget "NewProject" */;
			buildPhases = (
				DE4BFC932F3C944000AC1111 /* Sources */,
				DE4BFC942F3C944000AC1111 /* Frameworks */,
				DE4BFC952F3C944000AC1111 /* Resources */,
			);
			buildRules = (
			);
			dependencies = (
			);
			name = NewProject;
			packageProductDependencies = (
				DE4BFCCD2F3DAFCE00AC1111 /* Kingfisher */,
			);
			productName = NewProject;
			productReference = DE4BFC972F3C944000AC1111 /* NewProject.app */;
			productType = "com.apple.product-type.application";
		};
/* End PBXNativeTarget section */

/* Begin PBXProject section */
		DE4BFC8F2F3C943F00AC1111 /* Project object */ = {
			isa = PBXProject;
			attributes = {
				BuildIndependentTargetsInParallel = 1;
				LastSwiftUpdateCheck = 1530;
				LastUpgradeCheck = 1530;
				TargetAttributes = {
					DE4BFC962F3C944000AC1111 = {
						CreatedOnToolsVersion = 15.3;
					};
				};
			};
			buildConfigurationList = DE4BFC922F3C943F00AC1111 /* Build configuration list for PBXProject "NewProject" */;
			compatibilityVersion = "Xcode 14.0";
			developmentRegion = en;
			hasScannedForEncodings = 0;
			knownRegions = (
				en,
				Base,
			);
			mainGroup = DE4BFC8E2F3C943F00AC1111;
			packageReferences = (
				DE4BFCCC2F3DAFCE00AC1111 /* XCRemoteSwiftPackageReference "Kingfisher" */,
			);
			productRefGroup = DE4BFC982F3C944000AC1111 /* Products */;
			projectDirPath = "";
			projectRoot = "";
			targets = (
				DE4BFC962F3C944000AC1111 /* NewProject */,
			);
		};
/* End PBXProject section */

/* Begin PBXResourcesBuildPhase section */
		DE4BFC952F3C944000AC1111 /* Resources */ = {
			isa = PBXResourcesBuildPhase;
			buildActionMask = 2147483647;
			files = (
				DE4BFCA22F3C944200AC1111 /* Preview Assets.xcassets in Resources */,
				DE4BFC9F2F3C944200AC1111 /* Assets.xcassets in Resources */,
			);
			runOnlyForDeploymentPostprocessing = 0;
		};
/* End PBXResourcesBuildPhase section */

/* Begin PBXSourcesBuildPhase section */
		DE4BFC932F3C944000AC1111 /* Sources */ = {
			isa = PBXSourcesBuildPhase;
			buildActionMask = 2147483647;
			files = (
				DE4BFCA72F3C944200AC1111 /* NewProject.xcdatamodeld in Sources */,
				DE4BFCA42F3C944200AC1111 /* Persistence.swift in Sources */,
				DE4BFCD02F3DBC4000AC1111 /* SwiftUIView.swift in Sources */,
				DE4BFCC52F3D9CCE00AC1111 /* photosModel.swift in Sources */,
				DE4BFCB92F3CA77200AC1111 /* ServiceCall.swift in Sources */,
				DE4BFCC92F3D9CE700AC1111 /* PhotoViewModel.swift in Sources */,
				DE4BFCCB2F3D9CF600AC1111 /* PhotoViewScreen.swift in Sources */,
				DE4BFC9D2F3C944000AC1111 /* ContentView.swift in Sources */,
				DE4BFCB02F3C94DE00AC1111 /* ModelClass.swift in Sources */,
				DE4BFCC72F3D9CDB00AC1111 /* PhotoService.swift in Sources */,
				DE4BFCC22F3CC7C200AC1111 /* BookViewModel.swift in Sources */,
				DE4BFC9B2F3C944000AC1111 /* NewProjectApp.swift in Sources */,
				DE4BFCBC2F3CC79D00AC1111 /* Books.swift in Sources */,
				DE4BFCC02F3CC7B700AC1111 /* BookApi.swift in Sources */,
				DE4BFCB52F3C95ED00AC1111 /* ViewModel.swift in Sources */,
				DE4BFCB72F3C97D300AC1111 /* ListScreen.swift in Sources */,
				DE4BFCBE2F3CC7AB00AC1111 /* BookView.swift in Sources */,
			);
			runOnlyForDeploymentPostprocessing = 0;
		};
/* End PBXSourcesBuildPhase section */

/* Begin XCBuildConfiguration section */
		DE4BFCA82F3C944200AC1111 /* Debug */ = {
			isa = XCBuildConfiguration;
			buildSettings = {
				ALWAYS_SEARCH_USER_PATHS = NO;
				ASSETCATALOG_COMPILER_GENERATE_SWIFT_ASSET_SYMBOL_EXTENSIONS = YES;
				CLANG_ANALYZER_NONNULL = YES;
				CLANG_ANALYZER_NUMBER_OBJECT_CONVERSION = YES_AGGRESSIVE;
				CLANG_CXX_LANGUAGE_STANDARD = "gnu++20";
				CLANG_ENABLE_MODULES = YES;
				CLANG_ENABLE_OBJC_ARC = YES;
				CLANG_ENABLE_OBJC_WEAK = YES;
				CLANG_WARN_BLOCK_CAPTURE_AUTORELEASING = YES;
				CLANG_WARN_BOOL_CONVERSION = YES;
				CLANG_WARN_COMMA = YES;
				CLANG_WARN_CONSTANT_CONVERSION = YES;
				CLANG_WARN_DEPRECATED_OBJC_IMPLEMENTATIONS = YES;
				CLANG_WARN_DIRECT_OBJC_ISA_USAGE = YES_ERROR;
				CLANG_WARN_DOCUMENTATION_COMMENTS = YES;
				CLANG_WARN_EMPTY_BODY = YES;
				CLANG_WARN_ENUM_CONVERSION = YES;
				CLANG_WARN_INFINITE_RECURSION = YES;
				CLANG_WARN_INT_CONVERSION = YES;
				CLANG_WARN_NON_LITERAL_NULL_CONVERSION = YES;
				CLANG_WARN_OBJC_IMPLICIT_RETAIN_SELF = YES;
				CLANG_WARN_OBJC_LITERAL_CONVERSION = YES;
				CLANG_WARN_OBJC_ROOT_CLASS = YES_ERROR;
				CLANG_WARN_QUOTED_INCLUDE_IN_FRAMEWORK_HEADER = YES;
				CLANG_WARN_RANGE_LOOP_ANALYSIS = YES;
				CLANG_WARN_STRICT_PROTOTYPES = YES;
				CLANG_WARN_SUSPICIOUS_MOVE = YES;
				CLANG_WARN_UNGUARDED_AVAILABILITY = YES_AGGRESSIVE;
				CLANG_WARN_UNREACHABLE_CODE = YES;
				CLANG_WARN__DUPLICATE_METHOD_MATCH = YES;
				COPY_PHASE_STRIP = NO;
				DEBUG_INFORMATION_FORMAT = dwarf;
				ENABLE_STRICT_OBJC_MSGSEND = YES;
				ENABLE_TESTABILITY = YES;
				ENABLE_USER_SCRIPT_SANDBOXING = YES;
				GCC_C_LANGUAGE_STANDARD = gnu17;
				GCC_DYNAMIC_NO_PIC = NO;
				GCC_NO_COMMON_BLOCKS = YES;
				GCC_OPTIMIZATION_LEVEL = 0;
				GCC_PREPROCESSOR_DEFINITIONS = (
					"DEBUG=1",
					"$(inherited)",
				);
				GCC_WARN_64_TO_32_BIT_CONVERSION = YES;
				GCC_WARN_ABOUT_RETURN_TYPE = YES_ERROR;
				GCC_WARN_UNDECLARED_SELECTOR = YES;
				GCC_WARN_UNINITIALIZED_AUTOS = YES_AGGRESSIVE;
				GCC_WARN_UNUSED_FUNCTION = YES;
				GCC_WARN_UNUSED_VARIABLE = YES;
				IPHONEOS_DEPLOYMENT_TARGET = 17.4;
				LOCALIZATION_PREFERS_STRING_CATALOGS = YES;
				MTL_ENABLE_DEBUG_INFO = INCLUDE_SOURCE;
				MTL_FAST_MATH = YES;
				ONLY_ACTIVE_ARCH = YES;
				SDKROOT = iphoneos;
				SWIFT_ACTIVE_COMPILATION_CONDITIONS = "DEBUG $(inherited)";
				SWIFT_OPTIMIZATION_LEVEL = "-Onone";
			};
			name = Debug;
		};
		DE4BFCA92F3C944200AC1111 /* Release */ = {
			isa = XCBuildConfiguration;
			buildSettings = {
				ALWAYS_SEARCH_USER_PATHS = NO;
				ASSETCATALOG_COMPILER_GENERATE_SWIFT_ASSET_SYMBOL_EXTENSIONS = YES;
				CLANG_ANALYZER_NONNULL = YES;
				CLANG_ANALYZER_NUMBER_OBJECT_CONVERSION = YES_AGGRESSIVE;
				CLANG_CXX_LANGUAGE_STANDARD = "gnu++20";
				CLANG_ENABLE_MODULES = YES;
				CLANG_ENABLE_OBJC_ARC = YES;
				CLANG_ENABLE_OBJC_WEAK = YES;
				CLANG_WARN_BLOCK_CAPTURE_AUTORELEASING = YES;
				CLANG_WARN_BOOL_CONVERSION = YES;
				CLANG_WARN_COMMA = YES;
				CLANG_WARN_CONSTANT_CONVERSION = YES;
				CLANG_WARN_DEPRECATED_OBJC_IMPLEMENTATIONS = YES;
				CLANG_WARN_DIRECT_OBJC_ISA_USAGE = YES_ERROR;
				CLANG_WARN_DOCUMENTATION_COMMENTS = YES;
				CLANG_WARN_EMPTY_BODY = YES;
				CLANG_WARN_ENUM_CONVERSION = YES;
				CLANG_WARN_INFINITE_RECURSION = YES;
				CLANG_WARN_INT_CONVERSION = YES;
				CLANG_WARN_NON_LITERAL_NULL_CONVERSION = YES;
				CLANG_WARN_OBJC_IMPLICIT_RETAIN_SELF = YES;
				CLANG_WARN_OBJC_LITERAL_CONVERSION = YES;
				CLANG_WARN_OBJC_ROOT_CLASS = YES_ERROR;
				CLANG_WARN_QUOTED_INCLUDE_IN_FRAMEWORK_HEADER = YES;
				CLANG_WARN_RANGE_LOOP_ANALYSIS = YES;
				CLANG_WARN_STRICT_PROTOTYPES = YES;
				CLANG_WARN_SUSPICIOUS_MOVE = YES;
				CLANG_WARN_UNGUARDED_AVAILABILITY = YES_AGGRESSIVE;
				CLANG_WARN_UNREACHABLE_CODE = YES;
				CLANG_WARN__DUPLICATE_METHOD_MATCH = YES;
				COPY_PHASE_STRIP = NO;
				DEBUG_INFORMATION_FORMAT = "dwarf-with-dsym";
				ENABLE_NS_ASSERTIONS = NO;
				ENABLE_STRICT_OBJC_MSGSEND = YES;
				ENABLE_USER_SCRIPT_SANDBOXING = YES;
				GCC_C_LANGUAGE_STANDARD = gnu17;
				GCC_NO_COMMON_BLOCKS = YES;
				GCC_WARN_64_TO_32_BIT_CONVERSION = YES;
				GCC_WARN_ABOUT_RETURN_TYPE = YES_ERROR;
				GCC_WARN_UNDECLARED_SELECTOR = YES;
				GCC_WARN_UNINITIALIZED_AUTOS = YES_AGGRESSIVE;
				GCC_WARN_UNUSED_FUNCTION = YES;
				GCC_WARN_UNUSED_VARIABLE = YES;
				IPHONEOS_DEPLOYMENT_TARGET = 17.4;
				LOCALIZATION_PREFERS_STRING_CATALOGS = YES;
				MTL_ENABLE_DEBUG_INFO = NO;
				MTL_FAST_MATH = YES;
				SDKROOT = iphoneos;
				SWIFT_COMPILATION_MODE = wholemodule;
				VALIDATE_PRODUCT = YES;
			};
			name = Release;
		};
		DE4BFCAB2F3C944200AC1111 /* Debug */ = {
			isa = XCBuildConfiguration;
			buildSettings = {
				ASSETCATALOG_COMPILER_APPICON_NAME = AppIcon;
				ASSETCATALOG_COMPILER_GLOBAL_ACCENT_COLOR_NAME = AccentColor;
				CODE_SIGN_STYLE = Automatic;
				CURRENT_PROJECT_VERSION = 1;
				DEVELOPMENT_ASSET_PATHS = "\"NewProject/Preview Content\"";
				ENABLE_PREVIEWS = YES;
				GENERATE_INFOPLIST_FILE = YES;
				INFOPLIST_KEY_UIApplicationSceneManifest_Generation = YES;
				INFOPLIST_KEY_UIApplicationSupportsIndirectInputEvents = YES;
				INFOPLIST_KEY_UILaunchScreen_Generation = YES;
				INFOPLIST_KEY_UISupportedInterfaceOrientations_iPad = "UIInterfaceOrientationPortrait UIInterfaceOrientationPortraitUpsideDown UIInterfaceOrientationLandscapeLeft UIInterfaceOrientationLandscapeRight";
				INFOPLIST_KEY_UISupportedInterfaceOrientations_iPhone = "UIInterfaceOrientationPortrait UIInterfaceOrientationLandscapeLeft UIInterfaceOrientationLandscapeRight";
				LD_RUNPATH_SEARCH_PATHS = (
					"$(inherited)",
					"@executable_path/Frameworks",
				);
				MARKETING_VERSION = 1.0;
				PRODUCT_BUNDLE_IDENTIFIER = Pooja.NewProject;
				PRODUCT_NAME = "$(TARGET_NAME)";
				SWIFT_EMIT_LOC_STRINGS = YES;
				SWIFT_VERSION = 5.0;
				TARGETED_DEVICE_FAMILY = "1,2";
			};
			name = Debug;
		};
		DE4BFCAC2F3C944200AC1111 /* Release */ = {
			isa = XCBuildConfiguration;
			buildSettings = {
				ASSETCATALOG_COMPILER_APPICON_NAME = AppIcon;
				ASSETCATALOG_COMPILER_GLOBAL_ACCENT_COLOR_NAME = AccentColor;
				CODE_SIGN_STYLE = Automatic;
				CURRENT_PROJECT_VERSION = 1;
				DEVELOPMENT_ASSET_PATHS = "\"NewProject/Preview Content\"";
				ENABLE_PREVIEWS = YES;
				GENERATE_INFOPLIST_FILE = YES;
				INFOPLIST_KEY_UIApplicationSceneManifest_Generation = YES;
				INFOPLIST_KEY_UIApplicationSupportsIndirectInputEvents = YES;
				INFOPLIST_KEY_UILaunchScreen_Generation = YES;
				INFOPLIST_KEY_UISupportedInterfaceOrientations_iPad = "UIInterfaceOrientationPortrait UIInterfaceOrientationPortraitUpsideDown UIInterfaceOrientationLandscapeLeft UIInterfaceOrientationLandscapeRight";
				INFOPLIST_KEY_UISupportedInterfaceOrientations_iPhone = "UIInterfaceOrientationPortrait UIInterfaceOrientationLandscapeLeft UIInterfaceOrientationLandscapeRight";
				LD_RUNPATH_SEARCH_PATHS = (
					"$(inherited)",
					"@executable_path/Frameworks",
				);
				MARKETING_VERSION = 1.0;
				PRODUCT_BUNDLE_IDENTIFIER = Pooja.NewProject;
				PRODUCT_NAME = "$(TARGET_NAME)";
				SWIFT_EMIT_LOC_STRINGS = YES;
				SWIFT_VERSION = 5.0;
				TARGETED_DEVICE_FAMILY = "1,2";
			};
			name = Release;
		};
/* End XCBuildConfiguration section */

/* Begin XCConfigurationList section */
		DE4BFC922F3C943F00AC1111 /* Build configuration list for PBXProject "NewProject" */ = {
			isa = XCConfigurationList;
			buildConfigurations = (
				DE4BFCA82F3C944200AC1111 /* Debug */,
				DE4BFCA92F3C944200AC1111 /* Release */,
			);
			defaultConfigurationIsVisible = 0;
			defaultConfigurationName = Release;
		};
		DE4BFCAA2F3C944200AC1111 /* Build configuration list for PBXNativeTarget "NewProject" */ = {
			isa = XCConfigurationList;
			buildConfigurations = (
				DE4BFCAB2F3C944200AC1111 /* Debug */,
				DE4BFCAC2F3C944200AC1111 /* Release */,
			);
			defaultConfigurationIsVisible = 0;
			defaultConfigurationName = Release;
		};
/* End XCConfigurationList section */

/* Begin XCRemoteSwiftPackageReference section */
		DE4BFCCC2F3DAFCE00AC1111 /* XCRemoteSwiftPackageReference "Kingfisher" */ = {
			isa = XCRemoteSwiftPackageReference;
			repositoryURL = "https://github.com/onevcat/Kingfisher.git";
			requirement = {
				kind = upToNextMajorVersion;
				minimumVersion = 8.6.2;
			};
		};
/* End XCRemoteSwiftPackageReference section */

/* Begin XCSwiftPackageProductDependency section */
		DE4BFCCD2F3DAFCE00AC1111 /* Kingfisher */ = {
			isa = XCSwiftPackageProductDependency;
			package = DE4BFCCC2F3DAFCE00AC1111 /* XCRemoteSwiftPackageReference "Kingfisher" */;
			productName = Kingfisher;
		};
/* End XCSwiftPackageProductDependency section */

/* Begin XCVersionGroup section */
		DE4BFCA52F3C944200AC1111 /* NewProject.xcdatamodeld */ = {
			isa = XCVersionGroup;
			children = (
				DE4BFCA62F3C944200AC1111 /* NewProject.xcdatamodel */,
			);
			currentVersion = DE4BFCA62F3C944200AC1111 /* NewProject.xcdatamodel */;
			path = NewProject.xcdatamodeld;
			sourceTree = "<group>";
			versionGroupType = wrapper.xcdatamodel;
		};
/* End XCVersionGroup section */
	};
	rootObject = DE4BFC8F2F3C943F00AC1111 /* Project object */;
}
